
Microsoft Visual Studio Solution File, Format Version 12.00
# Visual Studio Version 16
VisualStudioVersion = 16.0.30611.23
MinimumVisualStudioVersion = 10.0.40219.1
Project("{FAE04EC0-301F-11D3-BF4B-00C04F79EFBC}") = "UnlulerUnsuzler", "UnlulerUnsuzler\UnlulerUnsuzler.csproj", "{1F54F421-2324-4EC8-8C2E-E51DAFF5F10A}"
EndProject
Global
	GlobalSection(SolutionConfigurationPlatforms) = preSolution
		Debug|Any CPU = Debug|Any CPU
		Release|Any CPU = Release|Any CPU
	EndGlobalSection
	GlobalSection(ProjectConfigurationPlatforms) = postSolution
		{1F54F421-2324-4EC8-8C2E-E51DAFF5F10A}.Debug|Any CPU.ActiveCfg = Debug|Any CPU
		{1F54F421-2324-4EC8-8C2E-E51DAFF5F10A}.Debug|Any CPU.Build.0 = Debug|Any CPU
		{1F54F421-2324-4EC8-8C2E-E51DAFF5F10A}.Release|Any CPU.ActiveCfg = Release|Any CPU
		{1F54F421-2324-4EC8-8C2E-E51DAFF5F10A}.Release|Any CPU.Build.0 = Release|Any CPU
	EndGlobalSection
	GlobalSection(SolutionProperties) = preSolution
		HideSolutionNode = FALSE
	EndGlobalSection
	GlobalSection(ExtensibilityGlobals) = postSolution
		SolutionGuid = {EE7B5202-7CA2-4242-A5BB-369310534AD3}
	EndGlobalSection
EndGlobal
